{
  "name": "js-circuit-breaker",
  "lockfileVersion": 2,
  "requires": true,
  "packages": {
    "": {
      "dependencies": {
        "opossum": "^6.4.0"
      }
    },
    "node_modules/opossum": {
      "version": "6.4.0",
      "resolved": "https://registry.npmjs.org/opossum/-/opossum-6.4.0.tgz",
      "integrity": "sha512-JVSEBsP3L1S8n6OEyFFfXqE9jzmM7QBeDGMT7/EPfv/TMHvbkFUxgXfklE3j1YeOIfIixfpT/4oKbNMhpAsHUQ==",
      "engines": {
        "node": "^18 || ^16 || ^14 || ^12"
      }
    }
  },
  "dependencies": {
    "opossum": {
      "version": "6.4.0",
      "resolved": "https://registry.npmjs.org/opossum/-/opossum-6.4.0.tgz",
      "integrity": "sha512-JVSEBsP3L1S8n6OEyFFfXqE9jzmM7QBeDGMT7/EPfv/TMHvbkFUxgXfklE3j1YeOIfIixfpT/4oKbNMhpAsHUQ=="
    }
  }
}
